
Microsoft Visual Studio Solution File, Format Version 12.00
# Visual Studio Version 17
VisualStudioVersion = 17.6.33815.320
MinimumVisualStudioVersion = 10.0.40219.1
Project("{9A19103F-16F7-4668-BE54-9A1E7A4F7556}") = "APP", "APP\APP.csproj", "{9A961B8C-AC92-4067-9875-21A3C5967C77}"
EndProject
Project("{9A19103F-16F7-4668-BE54-9A1E7A4F7556}") = "Domain", "Domain\Domain.csproj", "{F605D3E0-EE71-444F-9C02-7C07E88529E4}"
EndProject
Project("{FAE04EC0-301F-11D3-BF4B-00C04F79EFBC}") = "Repository", "Repository\Repository.csproj", "{EF9458DD-BDCE-4610-8BB5-4D1E93D23B75}"
EndProject
Project("{FAE04EC0-301F-11D3-BF4B-00C04F79EFBC}") = "Service", "Service\Service.csproj", "{7BD31306-3E95-4758-B164-704FAE78777A}"
EndProject
Global
	GlobalSection(SolutionConfigurationPlatforms) = preSolution
		Debug|Any CPU = Debug|Any CPU
		Release|Any CPU = Release|Any CPU
	EndGlobalSection
	GlobalSection(ProjectConfigurationPlatforms) = postSolution
		{9A961B8C-AC92-4067-9875-21A3C5967C77}.Debug|Any CPU.ActiveCfg = Debug|Any CPU
		{9A961B8C-AC92-4067-9875-21A3C5967C77}.Debug|Any CPU.Build.0 = Debug|Any CPU
		{9A961B8C-AC92-4067-9875-21A3C5967C77}.Release|Any CPU.ActiveCfg = Release|Any CPU
		{9A961B8C-AC92-4067-9875-21A3C5967C77}.Release|Any CPU.Build.0 = Release|Any CPU
		{F605D3E0-EE71-444F-9C02-7C07E88529E4}.Debug|Any CPU.ActiveCfg = Debug|Any CPU
		{F605D3E0-EE71-444F-9C02-7C07E88529E4}.Debug|Any CPU.Build.0 = Debug|Any CPU
		{F605D3E0-EE71-444F-9C02-7C07E88529E4}.Release|Any CPU.ActiveCfg = Release|Any CPU
		{F605D3E0-EE71-444F-9C02-7C07E88529E4}.Release|Any CPU.Build.0 = Release|Any CPU
		{EF9458DD-BDCE-4610-8BB5-4D1E93D23B75}.Debug|Any CPU.ActiveCfg = Debug|Any CPU
		{EF9458DD-BDCE-4610-8BB5-4D1E93D23B75}.Debug|Any CPU.Build.0 = Debug|Any CPU
		{EF9458DD-BDCE-4610-8BB5-4D1E93D23B75}.Release|Any CPU.ActiveCfg = Release|Any CPU
		{EF9458DD-BDCE-4610-8BB5-4D1E93D23B75}.Release|Any CPU.Build.0 = Release|Any CPU
		{7BD31306-3E95-4758-B164-704FAE78777A}.Debug|Any CPU.ActiveCfg = Debug|Any CPU
		{7BD31306-3E95-4758-B164-704FAE78777A}.Debug|Any CPU.Build.0 = Debug|Any CPU
		{7BD31306-3E95-4758-B164-704FAE78777A}.Release|Any CPU.ActiveCfg = Release|Any CPU
		{7BD31306-3E95-4758-B164-704FAE78777A}.Release|Any CPU.Build.0 = Release|Any CPU
	EndGlobalSection
	GlobalSection(SolutionProperties) = preSolution
		HideSolutionNode = FALSE
	EndGlobalSection
	GlobalSection(ExtensibilityGlobals) = postSolution
		SolutionGuid = {2DDAE139-6354-40BA-A41D-54FF6013EBED}
	EndGlobalSection
EndGlobal
